
Microsoft Visual Studio Solution File, Format Version 11.00
# Visual Studio 2010
Project("{8BC9CEB8-8B4A-11D0-8D11-00A0C91BC942}") = "One Man Army", "One Man Army\One Man Army.vcxproj", "{18803427-C481-4C4E-A896-4594B624B574}"
EndProject
Global
	GlobalSection(SolutionConfigurationPlatforms) = preSolution
		Debug|Win32 = Debug|Win32
		Release|Win32 = Release|Win32
	EndGlobalSection
	GlobalSection(ProjectConfigurationPlatforms) = postSolution
		{18803427-C481-4C4E-A896-4594B624B574}.Debug|Win32.ActiveCfg = Debug|Win32
		{18803427-C481-4C4E-A896-4594B624B574}.Debug|Win32.Build.0 = Debug|Win32
		{18803427-C481-4C4E-A896-4594B624B574}.Release|Win32.ActiveCfg = Release|Win32
		{18803427-C481-4C4E-A896-4594B624B574}.Release|Win32.Build.0 = Release|Win32
	EndGlobalSection
	GlobalSection(SolutionProperties) = preSolution
		HideSolutionNode = FALSE
	EndGlobalSection
EndGlobal
